{
  "name": "@simao234430/tabs",
  "version": "2.0.0",
  "lockfileVersion": 1,
  "requires": true,
  "dependencies": {
    "@formatjs/ecma402-abstract": {
      "version": "1.18.2",
      "resolved": "https://registry.npmjs.org/@formatjs/ecma402-abstract/-/ecma402-abstract-1.18.2.tgz",
      "integrity": "sha512-+QoPW4csYALsQIl8GbN14igZzDbuwzcpWrku9nyMXlaqAlwRBgl5V+p0vWMGFqHOw37czNXaP/lEk4wbLgcmtA==",
      "requires": {
        "@formatjs/intl-localematcher": "0.5.4",
        "tslib": "^2.4.0"
      }
    },
    "@formatjs/fast-memoize": {
      "version": "2.2.0",
      "resolved": "https://registry.npmjs.org/@formatjs/fast-memoize/-/fast-memoize-2.2.0.tgz",
      "integrity": "sha512-hnk/nY8FyrL5YxwP9e4r9dqeM6cAbo8PeU9UjyXojZMNvVad2Z06FAVHyR3Ecw6fza+0GH7vdJgiKIVXTMbSBA==",
      "requires": {
        "tslib": "^2.4.0"
      }
    },
    "@formatjs/icu-messageformat-parser": {
      "version": "2.7.6",
      "resolved": "https://registry.npmjs.org/@formatjs/icu-messageformat-parser/-/icu-messageformat-parser-2.7.6.tgz",
      "integrity": "sha512-etVau26po9+eewJKYoiBKP6743I1br0/Ie00Pb/S/PtmYfmjTcOn2YCh2yNkSZI12h6Rg+BOgQYborXk46BvkA==",
      "requires": {
        "@formatjs/ecma402-abstract": "1.18.2",
        "@formatjs/icu-skeleton-parser": "1.8.0",
        "tslib": "^2.4.0"
      }
    },
    "@formatjs/icu-skeleton-parser": {
      "version": "1.8.0",
      "resolved": "https://registry.npmjs.org/@formatjs/icu-skeleton-parser/-/icu-skeleton-parser-1.8.0.tgz",
      "integrity": "sha512-QWLAYvM0n8hv7Nq5BEs4LKIjevpVpbGLAJgOaYzg9wABEoX1j0JO1q2/jVkO6CVlq0dbsxZCngS5aXbysYueqA==",
      "requires": {
        "@formatjs/ecma402-abstract": "1.18.2",
        "tslib": "^2.4.0"
      }
    },
    "@formatjs/intl-localematcher": {
      "version": "0.5.4",
      "resolved": "https://registry.npmjs.org/@formatjs/intl-localematcher/-/intl-localematcher-0.5.4.tgz",
      "integrity": "sha512-zTwEpWOzZ2CiKcB93BLngUX59hQkuZjT2+SAQEscSm52peDW/getsawMcWF1rGRpMCX6D7nSJA3CzJ8gn13N/g==",
      "requires": {
        "tslib": "^2.4.0"
      }
    },
    "@internationalized/date": {
      "version": "3.5.3",
      "resolved": "https://registry.npmjs.org/@internationalized/date/-/date-3.5.3.tgz",
      "integrity": "sha512-X9bi8NAEHAjD8yzmPYT2pdJsbe+tYSEBAfowtlxJVJdZR3aK8Vg7ZUT1Fm5M47KLzp/M1p1VwAaeSma3RT7biw==",
      "requires": {
        "@swc/helpers": "^0.5.0"
      }
    },
    "@internationalized/message": {
      "version": "3.1.3",
      "resolved": "https://registry.npmjs.org/@internationalized/message/-/message-3.1.3.tgz",
      "integrity": "sha512-jba3kGxnh4hN4zoeJZuMft99Ly1zbmon4fyDz3VAmO39Kb5Aw+usGub7oU/sGoBIcVQ7REEwsvjIWtIO1nitbw==",
      "requires": {
        "@swc/helpers": "^0.5.0",
        "intl-messageformat": "^10.1.0"
      }
    },
    "@internationalized/number": {
      "version": "3.5.2",
      "resolved": "https://registry.npmjs.org/@internationalized/number/-/number-3.5.2.tgz",
      "integrity": "sha512-4FGHTi0rOEX1giSkt5MH4/te0eHBq3cvAYsfLlpguV6pzJAReXymiYpE5wPCqKqjkUO3PIsyvk+tBiIV1pZtbA==",
      "requires": {
        "@swc/helpers": "^0.5.0"
      }
    },
    "@internationalized/string": {
      "version": "3.2.2",
      "resolved": "https://registry.npmjs.org/@internationalized/string/-/string-3.2.2.tgz",
      "integrity": "sha512-5xy2JfSQyGqL9FDIdJXVjoKSBBDJR4lvwoCbqKhc5hQZ/qSLU/OlONCmrJPcSH0zxh88lXJMzbOAk8gJ48JBFw==",
      "requires": {
        "@swc/helpers": "^0.5.0"
      }
    },
    "@react-aria/focus": {
      "version": "3.16.2",
      "resolved": "https://registry.npmjs.org/@react-aria/focus/-/focus-3.16.2.tgz",
      "integrity": "sha512-Rqo9ummmgotESfypzFjI3uh58yMpL+E+lJBbQuXkBM0u0cU2YYzu0uOrFrq3zcHk997udZvq1pGK/R+2xk9B7g==",
      "requires": {
        "@react-aria/interactions": "^3.21.1",
        "@react-aria/utils": "^3.23.2",
        "@react-types/shared": "^3.22.1",
        "@swc/helpers": "^0.5.0",
        "clsx": "^2.0.0"
      }
    },
    "@react-aria/i18n": {
      "version": "3.11.0",
      "resolved": "https://registry.npmjs.org/@react-aria/i18n/-/i18n-3.11.0.tgz",
      "integrity": "sha512-dnopopsYKy2cd2dB2LdnmdJ58evKKcNCtiscWl624XFSbq2laDrYIQ4umrMhBxaKD7nDQkqydVBe6HoQKPzvJw==",
      "requires": {
        "@internationalized/date": "^3.5.3",
        "@internationalized/message": "^3.1.3",
        "@internationalized/number": "^3.5.2",
        "@internationalized/string": "^3.2.2",
        "@react-aria/ssr": "^3.9.3",
        "@react-aria/utils": "^3.24.0",
        "@react-types/shared": "^3.23.0",
        "@swc/helpers": "^0.5.0"
      },
      "dependencies": {
        "@react-aria/utils": {
          "version": "3.24.0",
          "resolved": "https://registry.npmjs.org/@react-aria/utils/-/utils-3.24.0.tgz",
          "integrity": "sha512-JAxkPhK5fCvFVNY2YG3TW3m1nTzwRcbz7iyTSkUzLFat4N4LZ7Kzh7NMHsgeE/oMOxd8zLY+XsUxMu/E/2GujA==",
          "requires": {
            "@react-aria/ssr": "^3.9.3",
            "@react-stately/utils": "^3.10.0",
            "@react-types/shared": "^3.23.0",
            "@swc/helpers": "^0.5.0",
            "clsx": "^2.0.0"
          }
        },
        "@react-types/shared": {
          "version": "3.23.0",
          "resolved": "https://registry.npmjs.org/@react-types/shared/-/shared-3.23.0.tgz",
          "integrity": "sha512-GQm/iPiii3ikcaMNR4WdVkJ4w0mKtV3mLqeSfSqzdqbPr6vONkqXbh3RhPlPmAJs1b4QHnexd/wZQP3U9DHOwQ=="
        }
      }
    },
    "@react-aria/interactions": {
      "version": "3.21.1",
      "resolved": "https://registry.npmjs.org/@react-aria/interactions/-/interactions-3.21.1.tgz",
      "integrity": "sha512-AlHf5SOzsShkHfV8GLLk3v9lEmYqYHURKcXWue0JdYbmquMRkUsf/+Tjl1+zHVAQ8lKqRnPYbTmc4AcZbqxltw==",
      "requires": {
        "@react-aria/ssr": "^3.9.2",
        "@react-aria/utils": "^3.23.2",
        "@react-types/shared": "^3.22.1",
        "@swc/helpers": "^0.5.0"
      }
    },
    "@react-aria/selection": {
      "version": "3.18.0",
      "resolved": "https://registry.npmjs.org/@react-aria/selection/-/selection-3.18.0.tgz",
      "integrity": "sha512-6ZvRuS9OHe56UVTb/qnsZ1TOxpZH9gRlX6eGG3Pt4LZK12wcvs13Uz2OvB2aYQHu0KPAua9ACnPh94xvXzQIlQ==",
      "requires": {
        "@react-aria/focus": "^3.17.0",
        "@react-aria/i18n": "^3.11.0",
        "@react-aria/interactions": "^3.21.2",
        "@react-aria/utils": "^3.24.0",
        "@react-stately/selection": "^3.15.0",
        "@react-types/shared": "^3.23.0",
        "@swc/helpers": "^0.5.0"
      },
      "dependencies": {
        "@react-aria/focus": {
          "version": "3.17.0",
          "resolved": "https://registry.npmjs.org/@react-aria/focus/-/focus-3.17.0.tgz",
          "integrity": "sha512-aRzBw1WTUkcIV3xFrqPA6aB8ZVt3XyGpTaSHAypU0Pgoy2wRq9YeJYpbunsKj9CJmskuffvTqXwAjTcaQish1Q==",
          "requires": {
            "@react-aria/interactions": "^3.21.2",
            "@react-aria/utils": "^3.24.0",
            "@react-types/shared": "^3.23.0",
            "@swc/helpers": "^0.5.0",
            "clsx": "^2.0.0"
          }
        },
        "@react-aria/interactions": {
          "version": "3.21.2",
          "resolved": "https://registry.npmjs.org/@react-aria/interactions/-/interactions-3.21.2.tgz",
          "integrity": "sha512-Ju706DtoEmI/2vsfu9DCEIjDqsRBVLm/wmt2fr0xKbBca7PtmK8daajxFWz+eTq+EJakvYfLr7gWgLau9HyWXg==",
          "requires": {
            "@react-aria/ssr": "^3.9.3",
            "@react-aria/utils": "^3.24.0",
            "@react-types/shared": "^3.23.0",
            "@swc/helpers": "^0.5.0"
          }
        },
        "@react-aria/utils": {
          "version": "3.24.0",
          "resolved": "https://registry.npmjs.org/@react-aria/utils/-/utils-3.24.0.tgz",
          "integrity": "sha512-JAxkPhK5fCvFVNY2YG3TW3m1nTzwRcbz7iyTSkUzLFat4N4LZ7Kzh7NMHsgeE/oMOxd8zLY+XsUxMu/E/2GujA==",
          "requires": {
            "@react-aria/ssr": "^3.9.3",
            "@react-stately/utils": "^3.10.0",
            "@react-types/shared": "^3.23.0",
            "@swc/helpers": "^0.5.0",
            "clsx": "^2.0.0"
          }
        },
        "@react-types/shared": {
          "version": "3.23.0",
          "resolved": "https://registry.npmjs.org/@react-types/shared/-/shared-3.23.0.tgz",
          "integrity": "sha512-GQm/iPiii3ikcaMNR4WdVkJ4w0mKtV3mLqeSfSqzdqbPr6vONkqXbh3RhPlPmAJs1b4QHnexd/wZQP3U9DHOwQ=="
        }
      }
    },
    "@react-aria/ssr": {
      "version": "3.9.3",
      "resolved": "https://registry.npmjs.org/@react-aria/ssr/-/ssr-3.9.3.tgz",
      "integrity": "sha512-5bUZ93dmvHFcmfUcEN7qzYe8yQQ8JY+nHN6m9/iSDCQ/QmCiE0kWXYwhurjw5ch6I8WokQzx66xKIMHBAa4NNA==",
      "requires": {
        "@swc/helpers": "^0.5.0"
      }
    },
    "@react-aria/tabs": {
      "version": "3.8.5",
      "resolved": "https://registry.npmjs.org/@react-aria/tabs/-/tabs-3.8.5.tgz",
      "integrity": "sha512-Jvt33/W+66n5oCxVwHAYarJ3Fit61vULiPcG7uTez0Mf11cq/C72wOrj+ZuNz6PTLTi2veBNQ7MauY72SnOjRg==",
      "requires": {
        "@react-aria/focus": "^3.16.2",
        "@react-aria/i18n": "^3.10.2",
        "@react-aria/selection": "^3.17.5",
        "@react-aria/utils": "^3.23.2",
        "@react-stately/tabs": "^3.6.4",
        "@react-types/shared": "^3.22.1",
        "@react-types/tabs": "^3.3.5",
        "@swc/helpers": "^0.5.0"
      }
    },
    "@react-aria/utils": {
      "version": "3.23.2",
      "resolved": "https://registry.npmjs.org/@react-aria/utils/-/utils-3.23.2.tgz",
      "integrity": "sha512-yznR9jJ0GG+YJvTMZxijQwVp+ahP66DY0apZf7X+dllyN+ByEDW+yaL1ewYPIpugxVzH5P8jhnBXsIyHKN411g==",
      "requires": {
        "@react-aria/ssr": "^3.9.2",
        "@react-stately/utils": "^3.9.1",
        "@react-types/shared": "^3.22.1",
        "@swc/helpers": "^0.5.0",
        "clsx": "^2.0.0"
      }
    },
    "@react-stately/collections": {
      "version": "3.10.6",
      "resolved": "https://registry.npmjs.org/@react-stately/collections/-/collections-3.10.6.tgz",
      "integrity": "sha512-hb/yzxQnZaSRu43iR6ftkCJIqD4Qu5WUjl4ASBn2EGb9TmipA7bFnYVqSH4xFPCCTZ68Qxh95dOcxYBHlHeWZQ==",
      "requires": {
        "@react-types/shared": "^3.23.0",
        "@swc/helpers": "^0.5.0"
      },
      "dependencies": {
        "@react-types/shared": {
          "version": "3.23.0",
          "resolved": "https://registry.npmjs.org/@react-types/shared/-/shared-3.23.0.tgz",
          "integrity": "sha512-GQm/iPiii3ikcaMNR4WdVkJ4w0mKtV3mLqeSfSqzdqbPr6vONkqXbh3RhPlPmAJs1b4QHnexd/wZQP3U9DHOwQ=="
        }
      }
    },
    "@react-stately/list": {
      "version": "3.10.4",
      "resolved": "https://registry.npmjs.org/@react-stately/list/-/list-3.10.4.tgz",
      "integrity": "sha512-sj501OKcQr+1Zdo0m6NuvpZDHLE0tUdReSKcWqt35odzC6ic/qr7C7ozZ/5ay+nuHTryUUTC/mDQ0zlBmQX0dA==",
      "requires": {
        "@react-stately/collections": "^3.10.6",
        "@react-stately/selection": "^3.15.0",
        "@react-stately/utils": "^3.10.0",
        "@react-types/shared": "^3.23.0",
        "@swc/helpers": "^0.5.0"
      },
      "dependencies": {
        "@react-types/shared": {
          "version": "3.23.0",
          "resolved": "https://registry.npmjs.org/@react-types/shared/-/shared-3.23.0.tgz",
          "integrity": "sha512-GQm/iPiii3ikcaMNR4WdVkJ4w0mKtV3mLqeSfSqzdqbPr6vONkqXbh3RhPlPmAJs1b4QHnexd/wZQP3U9DHOwQ=="
        }
      }
    },
    "@react-stately/selection": {
      "version": "3.15.0",
      "resolved": "https://registry.npmjs.org/@react-stately/selection/-/selection-3.15.0.tgz",
      "integrity": "sha512-OtypXNtvRWLmpkaktluzCYEXKXAON16WIJv2mZ4cae3H0UVfWaFL9sD+ST9nj7UqYNTDXECug5ziIY+YKd7zvA==",
      "requires": {
        "@react-stately/collections": "^3.10.6",
        "@react-stately/utils": "^3.10.0",
        "@react-types/shared": "^3.23.0",
        "@swc/helpers": "^0.5.0"
      },
      "dependencies": {
        "@react-types/shared": {
          "version": "3.23.0",
          "resolved": "https://registry.npmjs.org/@react-types/shared/-/shared-3.23.0.tgz",
          "integrity": "sha512-GQm/iPiii3ikcaMNR4WdVkJ4w0mKtV3mLqeSfSqzdqbPr6vONkqXbh3RhPlPmAJs1b4QHnexd/wZQP3U9DHOwQ=="
        }
      }
    },
    "@react-stately/tabs": {
      "version": "3.6.4",
      "resolved": "https://registry.npmjs.org/@react-stately/tabs/-/tabs-3.6.4.tgz",
      "integrity": "sha512-WZJgMBqzLgN88RN8AxhY4aH1+I+4w1qQA0Lh3LRSDegaytd+NHixCWaP3IPjePgCB5N1UsPe96Xglw75zjHmDg==",
      "requires": {
        "@react-stately/list": "^3.10.3",
        "@react-types/shared": "^3.22.1",
        "@react-types/tabs": "^3.3.5",
        "@swc/helpers": "^0.5.0"
      }
    },
    "@react-stately/utils": {
      "version": "3.10.0",
      "resolved": "https://registry.npmjs.org/@react-stately/utils/-/utils-3.10.0.tgz",
      "integrity": "sha512-nji2i9fTYg65ZWx/3r11zR1F2tGya+mBubRCbMTwHyRnsSLFZaeq/W6lmrOyIy1uMJKBNKLJpqfmpT4x7rw6pg==",
      "requires": {
        "@swc/helpers": "^0.5.0"
      }
    },
    "@react-types/shared": {
      "version": "3.22.1",
      "resolved": "https://registry.npmjs.org/@react-types/shared/-/shared-3.22.1.tgz",
      "integrity": "sha512-PCpa+Vo6BKnRMuOEzy5zAZ3/H5tnQg1e80khMhK2xys0j6ZqzkgQC+fHMNZ7VDFNLqqNMj/o0eVeSBDh2POjkw=="
    },
    "@react-types/tabs": {
      "version": "3.3.5",
      "resolved": "https://registry.npmjs.org/@react-types/tabs/-/tabs-3.3.5.tgz",
      "integrity": "sha512-6NTSZBOWekCtApdZrhu5tHhE/8q52oVohQN+J5T7shAXd6ZAtu8PABVR/nH4BWucc8FL0OUajRqunqzQMU13gA==",
      "requires": {
        "@react-types/shared": "^3.22.1"
      }
    },
    "@swc/helpers": {
      "version": "0.5.11",
      "resolved": "https://registry.npmjs.org/@swc/helpers/-/helpers-0.5.11.tgz",
      "integrity": "sha512-YNlnKRWF2sVojTpIyzwou9XoTNbzbzONwRhOoniEioF1AtaitTvVZblaQRrAzChWQ1bLYyYSWzM18y4WwgzJ+A==",
      "requires": {
        "tslib": "^2.4.0"
      }
    },
    "clean-package": {
      "version": "2.2.0",
      "resolved": "https://registry.npmjs.org/clean-package/-/clean-package-2.2.0.tgz",
      "integrity": "sha512-vLv8kRqvh4smPDpqAYFPLEijTppAd/cfCz4yBcUGoVl/JKu6ZWKhlo+G/cAmwlSa29RudfBeuyiNEzas8bTwEQ==",
      "dev": true,
      "requires": {
        "dot-prop": "^6.0.1"
      }
    },
    "clsx": {
      "version": "2.1.1",
      "resolved": "https://registry.npmjs.org/clsx/-/clsx-2.1.1.tgz",
      "integrity": "sha512-eYm0QWBtUrBWZWG0d386OGAw16Z995PiOVo2B7bjWSbHedGl5e0ZWaq65kOGgUSNesEIDkB9ISbTg/JK9dhCZA=="
    },
    "compute-scroll-into-view": {
      "version": "3.1.0",
      "resolved": "https://registry.npmjs.org/compute-scroll-into-view/-/compute-scroll-into-view-3.1.0.tgz",
      "integrity": "sha512-rj8l8pD4bJ1nx+dAkMhV1xB5RuZEyVysfxJqB1pRchh1KVvwOv9b7CGB8ZfjTImVv2oF+sYMUkMZq6Na5Ftmbg=="
    },
    "dot-prop": {
      "version": "6.0.1",
      "resolved": "https://registry.npmjs.org/dot-prop/-/dot-prop-6.0.1.tgz",
      "integrity": "sha512-tE7ztYzXHIeyvc7N+hR3oi7FIbf/NIjVP9hmAt3yMXzrQ072/fpjGLx2GxNxGxUl5V73MEqYzioOMoVhGMJ5cA==",
      "dev": true,
      "requires": {
        "is-obj": "^2.0.0"
      }
    },
    "intl-messageformat": {
      "version": "10.5.12",
      "resolved": "https://registry.npmjs.org/intl-messageformat/-/intl-messageformat-10.5.12.tgz",
      "integrity": "sha512-izl0uxhy/melhw8gP2r8pGiVieviZmM4v5Oqx3c1/R7g9cwER2smmGfSjcIsp8Y3Q53bfciL/gkxacJRx/dUvg==",
      "requires": {
        "@formatjs/ecma402-abstract": "1.18.2",
        "@formatjs/fast-memoize": "2.2.0",
        "@formatjs/icu-messageformat-parser": "2.7.6",
        "tslib": "^2.4.0"
      }
    },
    "is-obj": {
      "version": "2.0.0",
      "resolved": "https://registry.npmjs.org/is-obj/-/is-obj-2.0.0.tgz",
      "integrity": "sha512-drqDG3cbczxxEJRoOXcOjtdp1J/lyp1mNn0xaznRs8+muBhgQcrnbspox5X5fOw0HnMnbfDzvnEMEtqDEJEo8w==",
      "dev": true
    },
    "js-tokens": {
      "version": "4.0.0",
      "resolved": "https://registry.npmjs.org/js-tokens/-/js-tokens-4.0.0.tgz",
      "integrity": "sha512-RdJUflcE3cUzKiMqQgsCu06FPu9UdIJO0beYbPhHN4k6apgJtifcoCtT9bcxOpYBtpD2kCM6Sbzg4CausW/PKQ==",
      "dev": true
    },
    "loose-envify": {
      "version": "1.4.0",
      "resolved": "https://registry.npmjs.org/loose-envify/-/loose-envify-1.4.0.tgz",
      "integrity": "sha512-lyuxPGr/Wfhrlem2CL/UcnUc1zcqKAImBDzukY7Y5F/yQiNdko6+fRLevlw1HgMySw7f611UIY408EtxRSoK3Q==",
      "dev": true,
      "requires": {
        "js-tokens": "^3.0.0 || ^4.0.0"
      }
    },
    "react": {
      "version": "18.3.1",
      "resolved": "https://registry.npmjs.org/react/-/react-18.3.1.tgz",
      "integrity": "sha512-wS+hAgJShR0KhEvPJArfuPVN1+Hz1t0Y6n5jLrGQbkb4urgPE/0Rve+1kMB1v/oWgHgm4WIcV+i7F2pTVj+2iQ==",
      "dev": true,
      "requires": {
        "loose-envify": "^1.1.0"
      }
    },
    "react-dom": {
      "version": "18.3.1",
      "resolved": "https://registry.npmjs.org/react-dom/-/react-dom-18.3.1.tgz",
      "integrity": "sha512-5m4nQKp+rZRb09LNH59GM4BxTh9251/ylbKIbpe7TpGxfJ+9kv6BLkLBXIjjspbgbnIBNqlI23tRnTWT0snUIw==",
      "dev": true,
      "requires": {
        "loose-envify": "^1.1.0",
        "scheduler": "^0.23.2"
      }
    },
    "scheduler": {
      "version": "0.23.2",
      "resolved": "https://registry.npmjs.org/scheduler/-/scheduler-0.23.2.tgz",
      "integrity": "sha512-UOShsPwz7NrMUqhR6t0hWjFduvOzbtv7toDH1/hIrfRNIDBnnBWd0CwJTGvTpngVlmwGCdP9/Zl/tVrDqcuYzQ==",
      "dev": true,
      "requires": {
        "loose-envify": "^1.1.0"
      }
    },
    "scroll-into-view-if-needed": {
      "version": "3.0.10",
      "resolved": "https://registry.npmjs.org/scroll-into-view-if-needed/-/scroll-into-view-if-needed-3.0.10.tgz",
      "integrity": "sha512-t44QCeDKAPf1mtQH3fYpWz8IM/DyvHLjs8wUvvwMYxk5moOqCzrMSxK6HQVD0QVmVjXFavoFIPRVrMuJPKAvtg==",
      "requires": {
        "compute-scroll-into-view": "^3.0.2"
      }
    },
    "tslib": {
      "version": "2.6.2",
      "resolved": "https://registry.npmjs.org/tslib/-/tslib-2.6.2.tgz",
      "integrity": "sha512-AEYxH93jGFPn/a2iVAwW87VuUIkR1FVUKB77NwMF7nBTDkDrrT/Hpt/IrCJ0QXhW27jTBDcf5ZY7w6RiqTMw2Q=="
    }
  }
}
